{
  "object": {
    "pins": [
      {
        "package": "SwiftShell",
        "repositoryURL": "https://github.com/kareman/SwiftShell.git",
        "state": {
          "branch": null,
          "revision": "aebc06a6492a3d7c6d08005b6396ae2a80521773",
          "version": "4.1.0"
        }
      }
    ]
  },
  "version": 1
}
