// !$*UTF8*$!
{
	archiveVersion = 1;
	classes = {
	};
	objectVersion = 46;
	objects = {

/* Begin PBXAggregateTarget section */
		"FileSmith::FileSmithPackageTests::ProductTarget" /* FileSmithPackageTests */ = {
			isa = PBXAggregateTarget;
			buildConfigurationList = OBJ_65 /* Build configuration list for PBXAggregateTarget "FileSmithPackageTests" */;
			buildPhases = (
			);
			dependencies = (
				OBJ_68 /* PBXTargetDependency */,
			);
			name = FileSmithPackageTests;
			productName = FileSmithPackageTests;
		};
/* End PBXAggregateTarget section */

/* Begin PBXBuildFile section */
		OBJ_103 /* Package.swift in Sources */ = {isa = PBXBuildFile; fileRef = OBJ_37 /* Package.swift */; };
		OBJ_47 /* Attributes.swift in Sources */ = {isa = PBXBuildFile; fileRef = OBJ_9 /* Attributes.swift */; };
		OBJ_48 /* Directory.swift in Sources */ = {isa = PBXBuildFile; fileRef = OBJ_10 /* Directory.swift */; };
		OBJ_49 /* Errors.swift in Sources */ = {isa = PBXBuildFile; fileRef = OBJ_11 /* Errors.swift */; };
		OBJ_50 /* File.swift in Sources */ = {isa = PBXBuildFile; fileRef = OBJ_12 /* File.swift */; };
		OBJ_51 /* General.swift in Sources */ = {isa = PBXBuildFile; fileRef = OBJ_13 /* General.swift */; };
		OBJ_52 /* Paths.swift in Sources */ = {isa = PBXBuildFile; fileRef = OBJ_14 /* Paths.swift */; };
		OBJ_53 /* SymbolicLinks.swift in Sources */ = {isa = PBXBuildFile; fileRef = OBJ_15 /* SymbolicLinks.swift */; };
		OBJ_55 /* SwiftShell.framework in Frameworks */ = {isa = PBXBuildFile; fileRef = "SwiftShell::SwiftShell::Product" /* SwiftShell.framework */; };
		OBJ_63 /* Package.swift in Sources */ = {isa = PBXBuildFile; fileRef = OBJ_6 /* Package.swift */; };
		OBJ_74 /* DirectoryTests.swift in Sources */ = {isa = PBXBuildFile; fileRef = OBJ_18 /* DirectoryTests.swift */; };
		OBJ_75 /* FileTests.swift in Sources */ = {isa = PBXBuildFile; fileRef = OBJ_19 /* FileTests.swift */; };
		OBJ_76 /* PathTests.swift in Sources */ = {isa = PBXBuildFile; fileRef = OBJ_20 /* PathTests.swift */; };
		OBJ_77 /* TestHelpers.swift in Sources */ = {isa = PBXBuildFile; fileRef = OBJ_21 /* TestHelpers.swift */; };
		OBJ_79 /* FileSmith.framework in Frameworks */ = {isa = PBXBuildFile; fileRef = "FileSmith::FileSmith::Product" /* FileSmith.framework */; };
		OBJ_80 /* SwiftShell.framework in Frameworks */ = {isa = PBXBuildFile; fileRef = "SwiftShell::SwiftShell::Product" /* SwiftShell.framework */; };
		OBJ_87 /* Bash.swift in Sources */ = {isa = PBXBuildFile; fileRef = OBJ_25 /* Bash.swift */; };
		OBJ_88 /* Command.swift in Sources */ = {isa = PBXBuildFile; fileRef = OBJ_26 /* Command.swift */; };
		OBJ_89 /* Context.swift in Sources */ = {isa = PBXBuildFile; fileRef = OBJ_27 /* Context.swift */; };
		OBJ_90 /* FileHandle.swift in Sources */ = {isa = PBXBuildFile; fileRef = OBJ_28 /* FileHandle.swift */; };
		OBJ_91 /* Files.swift in Sources */ = {isa = PBXBuildFile; fileRef = OBJ_29 /* Files.swift */; };
		OBJ_92 /* Array.swift in Sources */ = {isa = PBXBuildFile; fileRef = OBJ_31 /* Array.swift */; };
		OBJ_93 /* Process.swift in Sources */ = {isa = PBXBuildFile; fileRef = OBJ_32 /* Process.swift */; };
		OBJ_94 /* Lazy-split.swift in Sources */ = {isa = PBXBuildFile; fileRef = OBJ_34 /* Lazy-split.swift */; };
		OBJ_95 /* Stream.swift in Sources */ = {isa = PBXBuildFile; fileRef = OBJ_35 /* Stream.swift */; };
		OBJ_96 /* String.swift in Sources */ = {isa = PBXBuildFile; fileRef = OBJ_36 /* String.swift */; };
/* End PBXBuildFile section */

/* Begin PBXContainerItemProxy section */
		BAB4C9B9216CD6E5005A471D /* PBXContainerItemProxy */ = {
			isa = PBXContainerItemProxy;
			containerPortal = OBJ_1 /* Project object */;
			proxyType = 1;
			remoteGlobalIDString = "SwiftShell::SwiftShell";
			remoteInfo = SwiftShell;
		};
		BAB4C9BA216CD6E5005A471D /* PBXContainerItemProxy */ = {
			isa = PBXContainerItemProxy;
			containerPortal = OBJ_1 /* Project object */;
			proxyType = 1;
			remoteGlobalIDString = "FileSmith::FileSmith";
			remoteInfo = FileSmith;
		};
		BAB4C9BB216CD6E5005A471D /* PBXContainerItemProxy */ = {
			isa = PBXContainerItemProxy;
			containerPortal = OBJ_1 /* Project object */;
			proxyType = 1;
			remoteGlobalIDString = "SwiftShell::SwiftShell";
			remoteInfo = SwiftShell;
		};
		BAB4C9BC216CD6E6005A471D /* PBXContainerItemProxy */ = {
			isa = PBXContainerItemProxy;
			containerPortal = OBJ_1 /* Project object */;
			proxyType = 1;
			remoteGlobalIDString = "FileSmith::FileSmithTests";
			remoteInfo = FileSmithTests;
		};
/* End PBXContainerItemProxy section */

/* Begin PBXFileReference section */
		"FileSmith::FileSmith::Product" /* FileSmith.framework */ = {isa = PBXFileReference; explicitFileType = wrapper.framework; path = FileSmith.framework; sourceTree = BUILT_PRODUCTS_DIR; };
		"FileSmith::FileSmithTests::Product" /* FileSmithTests.xctest */ = {isa = PBXFileReference; explicitFileType = wrapper.cfbundle; path = FileSmithTests.xctest; sourceTree = BUILT_PRODUCTS_DIR; };
		OBJ_10 /* Directory.swift */ = {isa = PBXFileReference; lastKnownFileType = sourcecode.swift; path = Directory.swift; sourceTree = "<group>"; };
		OBJ_11 /* Errors.swift */ = {isa = PBXFileReference; lastKnownFileType = sourcecode.swift; path = Errors.swift; sourceTree = "<group>"; };
		OBJ_12 /* File.swift */ = {isa = PBXFileReference; lastKnownFileType = sourcecode.swift; path = File.swift; sourceTree = "<group>"; };
		OBJ_13 /* General.swift */ = {isa = PBXFileReference; lastKnownFileType = sourcecode.swift; path = General.swift; sourceTree = "<group>"; };
		OBJ_14 /* Paths.swift */ = {isa = PBXFileReference; lastKnownFileType = sourcecode.swift; path = Paths.swift; sourceTree = "<group>"; };
		OBJ_15 /* SymbolicLinks.swift */ = {isa = PBXFileReference; lastKnownFileType = sourcecode.swift; path = SymbolicLinks.swift; sourceTree = "<group>"; };
		OBJ_18 /* DirectoryTests.swift */ = {isa = PBXFileReference; lastKnownFileType = sourcecode.swift; path = DirectoryTests.swift; sourceTree = "<group>"; };
		OBJ_19 /* FileTests.swift */ = {isa = PBXFileReference; lastKnownFileType = sourcecode.swift; path = FileTests.swift; sourceTree = "<group>"; };
		OBJ_20 /* PathTests.swift */ = {isa = PBXFileReference; lastKnownFileType = sourcecode.swift; path = PathTests.swift; sourceTree = "<group>"; };
		OBJ_21 /* TestHelpers.swift */ = {isa = PBXFileReference; lastKnownFileType = sourcecode.swift; path = TestHelpers.swift; sourceTree = "<group>"; };
		OBJ_25 /* Bash.swift */ = {isa = PBXFileReference; lastKnownFileType = sourcecode.swift; path = Bash.swift; sourceTree = "<group>"; };
		OBJ_26 /* Command.swift */ = {isa = PBXFileReference; lastKnownFileType = sourcecode.swift; path = Command.swift; sourceTree = "<group>"; };
		OBJ_27 /* Context.swift */ = {isa = PBXFileReference; lastKnownFileType = sourcecode.swift; path = Context.swift; sourceTree = "<group>"; };
		OBJ_28 /* FileHandle.swift */ = {isa = PBXFileReference; lastKnownFileType = sourcecode.swift; path = FileHandle.swift; sourceTree = "<group>"; };
		OBJ_29 /* Files.swift */ = {isa = PBXFileReference; lastKnownFileType = sourcecode.swift; path = Files.swift; sourceTree = "<group>"; };
		OBJ_31 /* Array.swift */ = {isa = PBXFileReference; lastKnownFileType = sourcecode.swift; path = Array.swift; sourceTree = "<group>"; };
		OBJ_32 /* Process.swift */ = {isa = PBXFileReference; lastKnownFileType = sourcecode.swift; path = Process.swift; sourceTree = "<group>"; };
		OBJ_34 /* Lazy-split.swift */ = {isa = PBXFileReference; lastKnownFileType = sourcecode.swift; path = "Lazy-split.swift"; sourceTree = "<group>"; };
		OBJ_35 /* Stream.swift */ = {isa = PBXFileReference; lastKnownFileType = sourcecode.swift; path = Stream.swift; sourceTree = "<group>"; };
		OBJ_36 /* String.swift */ = {isa = PBXFileReference; lastKnownFileType = sourcecode.swift; path = String.swift; sourceTree = "<group>"; };
		OBJ_37 /* Package.swift */ = {isa = PBXFileReference; explicitFileType = sourcecode.swift; name = Package.swift; path = "/Users/karemorstol/Programming/Libraries/FileSmith/FileSmith/.build/checkouts/SwiftShell.git--7315839884107259463/Package.swift"; sourceTree = "<group>"; };
		OBJ_6 /* Package.swift */ = {isa = PBXFileReference; explicitFileType = sourcecode.swift; path = Package.swift; sourceTree = "<group>"; };
		OBJ_9 /* Attributes.swift */ = {isa = PBXFileReference; lastKnownFileType = sourcecode.swift; path = Attributes.swift; sourceTree = "<group>"; };
		"SwiftShell::SwiftShell::Product" /* SwiftShell.framework */ = {isa = PBXFileReference; explicitFileType = wrapper.framework; path = SwiftShell.framework; sourceTree = BUILT_PRODUCTS_DIR; };
/* End PBXFileReference section */

/* Begin PBXFrameworksBuildPhase section */
		OBJ_54 /* Frameworks */ = {
			isa = PBXFrameworksBuildPhase;
			buildActionMask = 0;
			files = (
				OBJ_55 /* SwiftShell.framework in Frameworks */,
			);
			runOnlyForDeploymentPostprocessing = 0;
		};
		OBJ_78 /* Frameworks */ = {
			isa = PBXFrameworksBuildPhase;
			buildActionMask = 0;
			files = (
				OBJ_79 /* FileSmith.framework in Frameworks */,
				OBJ_80 /* SwiftShell.framework in Frameworks */,
			);
			runOnlyForDeploymentPostprocessing = 0;
		};
		OBJ_97 /* Frameworks */ = {
			isa = PBXFrameworksBuildPhase;
			buildActionMask = 0;
			files = (
			);
			runOnlyForDeploymentPostprocessing = 0;
		};
/* End PBXFrameworksBuildPhase section */

/* Begin PBXGroup section */
		OBJ_16 /* Tests */ = {
			isa = PBXGroup;
			children = (
				OBJ_17 /* FileSmithTests */,
			);
			name = Tests;
			sourceTree = SOURCE_ROOT;
		};
		OBJ_17 /* FileSmithTests */ = {
			isa = PBXGroup;
			children = (
				OBJ_18 /* DirectoryTests.swift */,
				OBJ_19 /* FileTests.swift */,
				OBJ_20 /* PathTests.swift */,
				OBJ_21 /* TestHelpers.swift */,
			);
			name = FileSmithTests;
			path = Tests/FileSmithTests;
			sourceTree = SOURCE_ROOT;
		};
		OBJ_22 /* Dependencies */ = {
			isa = PBXGroup;
			children = (
				OBJ_23 /* SwiftShell 4.1.1 */,
			);
			name = Dependencies;
			sourceTree = "<group>";
		};
		OBJ_23 /* SwiftShell 4.1.1 */ = {
			isa = PBXGroup;
			children = (
				OBJ_24 /* SwiftShell */,
				OBJ_37 /* Package.swift */,
			);
			name = "SwiftShell 4.1.1";
			sourceTree = SOURCE_ROOT;
		};
		OBJ_24 /* SwiftShell */ = {
			isa = PBXGroup;
			children = (
				OBJ_25 /* Bash.swift */,
				OBJ_26 /* Command.swift */,
				OBJ_27 /* Context.swift */,
				OBJ_28 /* FileHandle.swift */,
				OBJ_29 /* Files.swift */,
				OBJ_30 /* General */,
				OBJ_32 /* Process.swift */,
				OBJ_33 /* Stream */,
				OBJ_36 /* String.swift */,
			);
			name = SwiftShell;
			path = ".build/checkouts/SwiftShell.git--7315839884107259463/Sources/SwiftShell";
			sourceTree = SOURCE_ROOT;
		};
		OBJ_30 /* General */ = {
			isa = PBXGroup;
			children = (
				OBJ_31 /* Array.swift */,
			);
			path = General;
			sourceTree = "<group>";
		};
		OBJ_33 /* Stream */ = {
			isa = PBXGroup;
			children = (
				OBJ_34 /* Lazy-split.swift */,
				OBJ_35 /* Stream.swift */,
			);
			path = Stream;
			sourceTree = "<group>";
		};
		OBJ_38 /* Products */ = {
			isa = PBXGroup;
			children = (
				"FileSmith::FileSmithTests::Product" /* FileSmithTests.xctest */,
				"FileSmith::FileSmith::Product" /* FileSmith.framework */,
				"SwiftShell::SwiftShell::Product" /* SwiftShell.framework */,
			);
			name = Products;
			sourceTree = BUILT_PRODUCTS_DIR;
		};
		OBJ_5 /*  */ = {
			isa = PBXGroup;
			children = (
				OBJ_6 /* Package.swift */,
				OBJ_7 /* Sources */,
				OBJ_16 /* Tests */,
				OBJ_22 /* Dependencies */,
				OBJ_38 /* Products */,
			);
			name = "";
			sourceTree = "<group>";
		};
		OBJ_7 /* Sources */ = {
			isa = PBXGroup;
			children = (
				OBJ_8 /* FileSmith */,
			);
			name = Sources;
			sourceTree = SOURCE_ROOT;
		};
		OBJ_8 /* FileSmith */ = {
			isa = PBXGroup;
			children = (
				OBJ_9 /* Attributes.swift */,
				OBJ_10 /* Directory.swift */,
				OBJ_11 /* Errors.swift */,
				OBJ_12 /* File.swift */,
				OBJ_13 /* General.swift */,
				OBJ_14 /* Paths.swift */,
				OBJ_15 /* SymbolicLinks.swift */,
			);
			name = FileSmith;
			path = Sources/FileSmith;
			sourceTree = SOURCE_ROOT;
		};
/* End PBXGroup section */

/* Begin PBXNativeTarget section */
		"FileSmith::FileSmith" /* FileSmith */ = {
			isa = PBXNativeTarget;
			buildConfigurationList = OBJ_43 /* Build configuration list for PBXNativeTarget "FileSmith" */;
			buildPhases = (
				OBJ_46 /* Sources */,
				OBJ_54 /* Frameworks */,
			);
			buildRules = (
			);
			dependencies = (
				OBJ_56 /* PBXTargetDependency */,
			);
			name = FileSmith;
			productName = FileSmith;
			productReference = "FileSmith::FileSmith::Product" /* FileSmith.framework */;
			productType = "com.apple.product-type.framework";
		};
		"FileSmith::FileSmithTests" /* FileSmithTests */ = {
			isa = PBXNativeTarget;
			buildConfigurationList = OBJ_70 /* Build configuration list for PBXNativeTarget "FileSmithTests" */;
			buildPhases = (
				OBJ_73 /* Sources */,
				OBJ_78 /* Frameworks */,
			);
			buildRules = (
			);
			dependencies = (
				OBJ_81 /* PBXTargetDependency */,
				OBJ_82 /* PBXTargetDependency */,
			);
			name = FileSmithTests;
			productName = FileSmithTests;
			productReference = "FileSmith::FileSmithTests::Product" /* FileSmithTests.xctest */;
			productType = "com.apple.product-type.bundle.unit-test";
		};
		"FileSmith::SwiftPMPackageDescription" /* FileSmithPackageDescription */ = {
			isa = PBXNativeTarget;
			buildConfigurationList = OBJ_59 /* Build configuration list for PBXNativeTarget "FileSmithPackageDescription" */;
			buildPhases = (
				OBJ_62 /* Sources */,
			);
			buildRules = (
			);
			dependencies = (
			);
			name = FileSmithPackageDescription;
			productName = FileSmithPackageDescription;
			productType = "com.apple.product-type.framework";
		};
		"SwiftShell::SwiftPMPackageDescription" /* SwiftShellPackageDescription */ = {
			isa = PBXNativeTarget;
			buildConfigurationList = OBJ_99 /* Build configuration list for PBXNativeTarget "SwiftShellPackageDescription" */;
			buildPhases = (
				OBJ_102 /* Sources */,
			);
			buildRules = (
			);
			dependencies = (
			);
			name = SwiftShellPackageDescription;
			productName = SwiftShellPackageDescription;
			productType = "com.apple.product-type.framework";
		};
		"SwiftShell::SwiftShell" /* SwiftShell */ = {
			isa = PBXNativeTarget;
			buildConfigurationList = OBJ_83 /* Build configuration list for PBXNativeTarget "SwiftShell" */;
			buildPhases = (
				OBJ_86 /* Sources */,
				OBJ_97 /* Frameworks */,
			);
			buildRules = (
			);
			dependencies = (
			);
			name = SwiftShell;
			productName = SwiftShell;
			productReference = "SwiftShell::SwiftShell::Product" /* SwiftShell.framework */;
			productType = "com.apple.product-type.framework";
		};
/* End PBXNativeTarget section */

/* Begin PBXProject section */
		OBJ_1 /* Project object */ = {
			isa = PBXProject;
			attributes = {
				LastUpgradeCheck = 9999;
				TargetAttributes = {
					"FileSmith::FileSmith" = {
						LastSwiftMigration = 1000;
					};
					"FileSmith::FileSmithTests" = {
						LastSwiftMigration = 1000;
					};
					"SwiftShell::SwiftShell" = {
						LastSwiftMigration = 1000;
					};
				};
			};
			buildConfigurationList = OBJ_2 /* Build configuration list for PBXProject "FileSmith" */;
			compatibilityVersion = "Xcode 3.2";
			developmentRegion = English;
			hasScannedForEncodings = 0;
			knownRegions = (
				en,
			);
			mainGroup = OBJ_5 /*  */;
			productRefGroup = OBJ_38 /* Products */;
			projectDirPath = "";
			projectRoot = "";
			targets = (
				"FileSmith::FileSmith" /* FileSmith */,
				"FileSmith::SwiftPMPackageDescription" /* FileSmithPackageDescription */,
				"FileSmith::FileSmithPackageTests::ProductTarget" /* FileSmithPackageTests */,
				"FileSmith::FileSmithTests" /* FileSmithTests */,
				"SwiftShell::SwiftShell" /* SwiftShell */,
				"SwiftShell::SwiftPMPackageDescription" /* SwiftShellPackageDescription */,
			);
		};
/* End PBXProject section */

/* Begin PBXSourcesBuildPhase section */
		OBJ_102 /* Sources */ = {
			isa = PBXSourcesBuildPhase;
			buildActionMask = 0;
			files = (
				OBJ_103 /* Package.swift in Sources */,
			);
			runOnlyForDeploymentPostprocessing = 0;
		};
		OBJ_46 /* Sources */ = {
			isa = PBXSourcesBuildPhase;
			buildActionMask = 0;
			files = (
				OBJ_47 /* Attributes.swift in Sources */,
				OBJ_48 /* Directory.swift in Sources */,
				OBJ_49 /* Errors.swift in Sources */,
				OBJ_50 /* File.swift in Sources */,
				OBJ_51 /* General.swift in Sources */,
				OBJ_52 /* Paths.swift in Sources */,
				OBJ_53 /* SymbolicLinks.swift in Sources */,
			);
			runOnlyForDeploymentPostprocessing = 0;
		};
		OBJ_62 /* Sources */ = {
			isa = PBXSourcesBuildPhase;
			buildActionMask = 0;
			files = (
				OBJ_63 /* Package.swift in Sources */,
			);
			runOnlyForDeploymentPostprocessing = 0;
		};
		OBJ_73 /* Sources */ = {
			isa = PBXSourcesBuildPhase;
			buildActionMask = 0;
			files = (
				OBJ_74 /* DirectoryTests.swift in Sources */,
				OBJ_75 /* FileTests.swift in Sources */,
				OBJ_76 /* PathTests.swift in Sources */,
				OBJ_77 /* TestHelpers.swift in Sources */,
			);
			runOnlyForDeploymentPostprocessing = 0;
		};
		OBJ_86 /* Sources */ = {
			isa = PBXSourcesBuildPhase;
			buildActionMask = 0;
			files = (
				OBJ_87 /* Bash.swift in Sources */,
				OBJ_88 /* Command.swift in Sources */,
				OBJ_89 /* Context.swift in Sources */,
				OBJ_90 /* FileHandle.swift in Sources */,
				OBJ_91 /* Files.swift in Sources */,
				OBJ_92 /* Array.swift in Sources */,
				OBJ_93 /* Process.swift in Sources */,
				OBJ_94 /* Lazy-split.swift in Sources */,
				OBJ_95 /* Stream.swift in Sources */,
				OBJ_96 /* String.swift in Sources */,
			);
			runOnlyForDeploymentPostprocessing = 0;
		};
/* End PBXSourcesBuildPhase section */

/* Begin PBXTargetDependency section */
		OBJ_56 /* PBXTargetDependency */ = {
			isa = PBXTargetDependency;
			target = "SwiftShell::SwiftShell" /* SwiftShell */;
			targetProxy = BAB4C9B9216CD6E5005A471D /* PBXContainerItemProxy */;
		};
		OBJ_68 /* PBXTargetDependency */ = {
			isa = PBXTargetDependency;
			target = "FileSmith::FileSmithTests" /* FileSmithTests */;
			targetProxy = BAB4C9BC216CD6E6005A471D /* PBXContainerItemProxy */;
		};
		OBJ_81 /* PBXTargetDependency */ = {
			isa = PBXTargetDependency;
			target = "FileSmith::FileSmith" /* FileSmith */;
			targetProxy = BAB4C9BA216CD6E5005A471D /* PBXContainerItemProxy */;
		};
		OBJ_82 /* PBXTargetDependency */ = {
			isa = PBXTargetDependency;
			target = "SwiftShell::SwiftShell" /* SwiftShell */;
			targetProxy = BAB4C9BB216CD6E5005A471D /* PBXContainerItemProxy */;
		};
/* End PBXTargetDependency section */

/* Begin XCBuildConfiguration section */
		OBJ_100 /* Debug */ = {
			isa = XCBuildConfiguration;
			buildSettings = {
				LD = /usr/bin/true;
				OTHER_SWIFT_FLAGS = "-swift-version 4 -I $(TOOLCHAIN_DIR)/usr/lib/swift/pm/4 -target x86_64-apple-macosx10.10 -sdk /Applications/Xcode.app/Contents/Developer/Platforms/MacOSX.platform/Developer/SDKs/MacOSX10.14.sdk";
				SWIFT_VERSION = 4.0;
			};
			name = Debug;
		};
		OBJ_101 /* Release */ = {
			isa = XCBuildConfiguration;
			buildSettings = {
				LD = /usr/bin/true;
				OTHER_SWIFT_FLAGS = "-swift-version 4 -I $(TOOLCHAIN_DIR)/usr/lib/swift/pm/4 -target x86_64-apple-macosx10.10 -sdk /Applications/Xcode.app/Contents/Developer/Platforms/MacOSX.platform/Developer/SDKs/MacOSX10.14.sdk";
				SWIFT_VERSION = 4.0;
			};
			name = Release;
		};
		OBJ_3 /* Debug */ = {
			isa = XCBuildConfiguration;
			buildSettings = {
				CLANG_ENABLE_OBJC_ARC = YES;
				COMBINE_HIDPI_IMAGES = YES;
				COPY_PHASE_STRIP = NO;
				DEBUG_INFORMATION_FORMAT = dwarf;
				DYLIB_INSTALL_NAME_BASE = "@rpath";
				ENABLE_NS_ASSERTIONS = YES;
				GCC_OPTIMIZATION_LEVEL = 0;
				MACOSX_DEPLOYMENT_TARGET = 10.10;
				ONLY_ACTIVE_ARCH = YES;
				OTHER_SWIFT_FLAGS = "-DXcode";
				PRODUCT_NAME = "$(TARGET_NAME)";
				SDKROOT = macosx;
				SUPPORTED_PLATFORMS = "macosx iphoneos iphonesimulator appletvos appletvsimulator watchos watchsimulator";
				SWIFT_ACTIVE_COMPILATION_CONDITIONS = SWIFT_PACKAGE;
				SWIFT_OPTIMIZATION_LEVEL = "-Onone";
				USE_HEADERMAP = NO;
			};
			name = Debug;
		};
		OBJ_4 /* Release */ = {
			isa = XCBuildConfiguration;
			buildSettings = {
				CLANG_ENABLE_OBJC_ARC = YES;
				COMBINE_HIDPI_IMAGES = YES;
				COPY_PHASE_STRIP = YES;
				DEBUG_INFORMATION_FORMAT = "dwarf-with-dsym";
				DYLIB_INSTALL_NAME_BASE = "@rpath";
				GCC_OPTIMIZATION_LEVEL = s;
				MACOSX_DEPLOYMENT_TARGET = 10.10;
				OTHER_SWIFT_FLAGS = "-DXcode";
				PRODUCT_NAME = "$(TARGET_NAME)";
				SDKROOT = macosx;
				SUPPORTED_PLATFORMS = "macosx iphoneos iphonesimulator appletvos appletvsimulator watchos watchsimulator";
				SWIFT_ACTIVE_COMPILATION_CONDITIONS = SWIFT_PACKAGE;
				SWIFT_OPTIMIZATION_LEVEL = "-Owholemodule";
				USE_HEADERMAP = NO;
			};
			name = Release;
		};
		OBJ_44 /* Debug */ = {
			isa = XCBuildConfiguration;
			buildSettings = {
				ENABLE_TESTABILITY = YES;
				FRAMEWORK_SEARCH_PATHS = (
					"$(inherited)",
					"$(PLATFORM_DIR)/Developer/Library/Frameworks",
				);
				HEADER_SEARCH_PATHS = "$(inherited)";
				INFOPLIST_FILE = FileSmith.xcodeproj/FileSmith_Info.plist;
				LD_RUNPATH_SEARCH_PATHS = "$(inherited) $(TOOLCHAIN_DIR)/usr/lib/swift/macosx";
				OTHER_CFLAGS = "$(inherited)";
				OTHER_LDFLAGS = "$(inherited)";
				OTHER_SWIFT_FLAGS = "$(inherited)";
				PRODUCT_BUNDLE_IDENTIFIER = FileSmith;
				PRODUCT_MODULE_NAME = "$(TARGET_NAME:c99extidentifier)";
				PRODUCT_NAME = "$(TARGET_NAME:c99extidentifier)";
				SKIP_INSTALL = YES;
				SWIFT_VERSION = 4.2;
				TARGET_NAME = FileSmith;
			};
			name = Debug;
		};
		OBJ_45 /* Release */ = {
			isa = XCBuildConfiguration;
			buildSettings = {
				ENABLE_TESTABILITY = YES;
				FRAMEWORK_SEARCH_PATHS = (
					"$(inherited)",
					"$(PLATFORM_DIR)/Developer/Library/Frameworks",
				);
				HEADER_SEARCH_PATHS = "$(inherited)";
				INFOPLIST_FILE = FileSmith.xcodeproj/FileSmith_Info.plist;
				LD_RUNPATH_SEARCH_PATHS = "$(inherited) $(TOOLCHAIN_DIR)/usr/lib/swift/macosx";
				OTHER_CFLAGS = "$(inherited)";
				OTHER_LDFLAGS = "$(inherited)";
				OTHER_SWIFT_FLAGS = "$(inherited)";
				PRODUCT_BUNDLE_IDENTIFIER = FileSmith;
				PRODUCT_MODULE_NAME = "$(TARGET_NAME:c99extidentifier)";
				PRODUCT_NAME = "$(TARGET_NAME:c99extidentifier)";
				SKIP_INSTALL = YES;
				SWIFT_VERSION = 4.2;
				TARGET_NAME = FileSmith;
			};
			name = Release;
		};
		OBJ_60 /* Debug */ = {
			isa = XCBuildConfiguration;
			buildSettings = {
				LD = /usr/bin/true;
				OTHER_SWIFT_FLAGS = "-swift-version 4 -I $(TOOLCHAIN_DIR)/usr/lib/swift/pm/4 -target x86_64-apple-macosx10.10 -sdk /Applications/Xcode.app/Contents/Developer/Platforms/MacOSX.platform/Developer/SDKs/MacOSX10.14.sdk";
				SWIFT_VERSION = 4.0;
			};
			name = Debug;
		};
		OBJ_61 /* Release */ = {
			isa = XCBuildConfiguration;
			buildSettings = {
				LD = /usr/bin/true;
				OTHER_SWIFT_FLAGS = "-swift-version 4 -I $(TOOLCHAIN_DIR)/usr/lib/swift/pm/4 -target x86_64-apple-macosx10.10 -sdk /Applications/Xcode.app/Contents/Developer/Platforms/MacOSX.platform/Developer/SDKs/MacOSX10.14.sdk";
				SWIFT_VERSION = 4.0;
			};
			name = Release;
		};
		OBJ_66 /* Debug */ = {
			isa = XCBuildConfiguration;
			buildSettings = {
			};
			name = Debug;
		};
		OBJ_67 /* Release */ = {
			isa = XCBuildConfiguration;
			buildSettings = {
			};
			name = Release;
		};
		OBJ_71 /* Debug */ = {
			isa = XCBuildConfiguration;
			buildSettings = {
				EMBEDDED_CONTENT_CONTAINS_SWIFT = YES;
				FRAMEWORK_SEARCH_PATHS = (
					"$(inherited)",
					"$(PLATFORM_DIR)/Developer/Library/Frameworks",
				);
				HEADER_SEARCH_PATHS = "$(inherited)";
				INFOPLIST_FILE = FileSmith.xcodeproj/FileSmithTests_Info.plist;
				LD_RUNPATH_SEARCH_PATHS = "$(inherited) @loader_path/../Frameworks @loader_path/Frameworks";
				OTHER_CFLAGS = "$(inherited)";
				OTHER_LDFLAGS = "$(inherited)";
				OTHER_SWIFT_FLAGS = "$(inherited)";
				SWIFT_VERSION = 4.2;
				TARGET_NAME = FileSmithTests;
			};
			name = Debug;
		};
		OBJ_72 /* Release */ = {
			isa = XCBuildConfiguration;
			buildSettings = {
				EMBEDDED_CONTENT_CONTAINS_SWIFT = YES;
				FRAMEWORK_SEARCH_PATHS = (
					"$(inherited)",
					"$(PLATFORM_DIR)/Developer/Library/Frameworks",
				);
				HEADER_SEARCH_PATHS = "$(inherited)";
				INFOPLIST_FILE = FileSmith.xcodeproj/FileSmithTests_Info.plist;
				LD_RUNPATH_SEARCH_PATHS = "$(inherited) @loader_path/../Frameworks @loader_path/Frameworks";
				OTHER_CFLAGS = "$(inherited)";
				OTHER_LDFLAGS = "$(inherited)";
				OTHER_SWIFT_FLAGS = "$(inherited)";
				SWIFT_VERSION = 4.2;
				TARGET_NAME = FileSmithTests;
			};
			name = Release;
		};
		OBJ_84 /* Debug */ = {
			isa = XCBuildConfiguration;
			buildSettings = {
				ENABLE_TESTABILITY = YES;
				FRAMEWORK_SEARCH_PATHS = (
					"$(inherited)",
					"$(PLATFORM_DIR)/Developer/Library/Frameworks",
				);
				HEADER_SEARCH_PATHS = "$(inherited)";
				INFOPLIST_FILE = FileSmith.xcodeproj/SwiftShell_Info.plist;
				LD_RUNPATH_SEARCH_PATHS = "$(inherited) $(TOOLCHAIN_DIR)/usr/lib/swift/macosx";
				OTHER_CFLAGS = "$(inherited)";
				OTHER_LDFLAGS = "$(inherited)";
				OTHER_SWIFT_FLAGS = "$(inherited)";
				PRODUCT_BUNDLE_IDENTIFIER = SwiftShell;
				PRODUCT_MODULE_NAME = "$(TARGET_NAME:c99extidentifier)";
				PRODUCT_NAME = "$(TARGET_NAME:c99extidentifier)";
				SKIP_INSTALL = YES;
				SWIFT_VERSION = 4.2;
				TARGET_NAME = SwiftShell;
			};
			name = Debug;
		};
		OBJ_85 /* Release */ = {
			isa = XCBuildConfiguration;
			buildSettings = {
				ENABLE_TESTABILITY = YES;
				FRAMEWORK_SEARCH_PATHS = (
					"$(inherited)",
					"$(PLATFORM_DIR)/Developer/Library/Frameworks",
				);
				HEADER_SEARCH_PATHS = "$(inherited)";
				INFOPLIST_FILE = FileSmith.xcodeproj/SwiftShell_Info.plist;
				LD_RUNPATH_SEARCH_PATHS = "$(inherited) $(TOOLCHAIN_DIR)/usr/lib/swift/macosx";
				OTHER_CFLAGS = "$(inherited)";
				OTHER_LDFLAGS = "$(inherited)";
				OTHER_SWIFT_FLAGS = "$(inherited)";
				PRODUCT_BUNDLE_IDENTIFIER = SwiftShell;
				PRODUCT_MODULE_NAME = "$(TARGET_NAME:c99extidentifier)";
				PRODUCT_NAME = "$(TARGET_NAME:c99extidentifier)";
				SKIP_INSTALL = YES;
				SWIFT_VERSION = 4.2;
				TARGET_NAME = SwiftShell;
			};
			name = Release;
		};
/* End XCBuildConfiguration section */

/* Begin XCConfigurationList section */
		OBJ_2 /* Build configuration list for PBXProject "FileSmith" */ = {
			isa = XCConfigurationList;
			buildConfigurations = (
				OBJ_3 /* Debug */,
				OBJ_4 /* Release */,
			);
			defaultConfigurationIsVisible = 0;
			defaultConfigurationName = Release;
		};
		OBJ_43 /* Build configuration list for PBXNativeTarget "FileSmith" */ = {
			isa = XCConfigurationList;
			buildConfigurations = (
				OBJ_44 /* Debug */,
				OBJ_45 /* Release */,
			);
			defaultConfigurationIsVisible = 0;
			defaultConfigurationName = Release;
		};
		OBJ_59 /* Build configuration list for PBXNativeTarget "FileSmithPackageDescription" */ = {
			isa = XCConfigurationList;
			buildConfigurations = (
				OBJ_60 /* Debug */,
				OBJ_61 /* Release */,
			);
			defaultConfigurationIsVisible = 0;
			defaultConfigurationName = Release;
		};
		OBJ_65 /* Build configuration list for PBXAggregateTarget "FileSmithPackageTests" */ = {
			isa = XCConfigurationList;
			buildConfigurations = (
				OBJ_66 /* Debug */,
				OBJ_67 /* Release */,
			);
			defaultConfigurationIsVisible = 0;
			defaultConfigurationName = Release;
		};
		OBJ_70 /* Build configuration list for PBXNativeTarget "FileSmithTests" */ = {
			isa = XCConfigurationList;
			buildConfigurations = (
				OBJ_71 /* Debug */,
				OBJ_72 /* Release */,
			);
			defaultConfigurationIsVisible = 0;
			defaultConfigurationName = Release;
		};
		OBJ_83 /* Build configuration list for PBXNativeTarget "SwiftShell" */ = {
			isa = XCConfigurationList;
			buildConfigurations = (
				OBJ_84 /* Debug */,
				OBJ_85 /* Release */,
			);
			defaultConfigurationIsVisible = 0;
			defaultConfigurationName = Release;
		};
		OBJ_99 /* Build configuration list for PBXNativeTarget "SwiftShellPackageDescription" */ = {
			isa = XCConfigurationList;
			buildConfigurations = (
				OBJ_100 /* Debug */,
				OBJ_101 /* Release */,
			);
			defaultConfigurationIsVisible = 0;
			defaultConfigurationName = Release;
		};
/* End XCConfigurationList section */
	};
	rootObject = OBJ_1 /* Project object */;
}
